{
  "name": "stellarsoft",
  "lockfileVersion": 3,
  "requires": true,
  "packages": {
    "": {
      "devDependencies": {
        "@barba/prefetch": "^2.2.0",
        "@barba/router": "^2.1.11"
      }
    },
    "node_modules/@barba/prefetch": {
      "version": "2.2.0",
      "resolved": "https://registry.npmjs.org/@barba/prefetch/-/prefetch-2.2.0.tgz",
      "integrity": "sha512-ql56K043GNsKhs9jCzr7et3f1MZpOkpbUN9rtVpSXJqH96Zr+l6JuGrXUgB2TvebtrFycaOOaBZys0oZenTCcg==",
      "dev": true
    },
    "node_modules/@barba/router": {
      "version": "2.1.11",
      "resolved": "https://registry.npmjs.org/@barba/router/-/router-2.1.11.tgz",
      "integrity": "sha512-/s6bYUfp18krmgDoKS/UE3W+Y/E3y0iwJpRguyCMnl2t+gaFXLdEl+C5h3jcaimHaoplBqZsNeOPcyKDY6a/vw==",
      "dev": true
    }
  }
}
